
Microsoft Visual Studio Solution File, Format Version 12.00
# Visual Studio Version 17
VisualStudioVersion = 17.11.35219.272
MinimumVisualStudioVersion = 10.0.40219.1
Project("{9A19103F-16F7-4668-BE54-9A1E7A4F7556}") = "Lesson1", "Lesson1\Lesson1.csproj", "{6F0BB2CF-99E7-4EE5-9A51-1B1A8F042F65}"
EndProject
Project("{9A19103F-16F7-4668-BE54-9A1E7A4F7556}") = "Lesson2", "Lesson2\Lesson2.csproj", "{DAAA2BD4-BE88-4AFD-9DE1-49FAB18195E8}"
EndProject
Project("{9A19103F-16F7-4668-BE54-9A1E7A4F7556}") = "Lesson3", "Lesson3\Lesson3.csproj", "{7CF3DBF5-7F13-4347-BD4C-7DBC91AC5912}"
EndProject
Project("{FAE04EC0-301F-11D3-BF4B-00C04F79EFBC}") = "MyFirstTest", "MyFirstTest\MyFirstTest.csproj", "{ED31727A-FCC0-47A1-B67E-924CEBDBC21B}"
EndProject
Global
	GlobalSection(SolutionConfigurationPlatforms) = preSolution
		Debug|Any CPU = Debug|Any CPU
		Release|Any CPU = Release|Any CPU
	EndGlobalSection
	GlobalSection(ProjectConfigurationPlatforms) = postSolution
		{6F0BB2CF-99E7-4EE5-9A51-1B1A8F042F65}.Debug|Any CPU.ActiveCfg = Debug|Any CPU
		{6F0BB2CF-99E7-4EE5-9A51-1B1A8F042F65}.Debug|Any CPU.Build.0 = Debug|Any CPU
		{6F0BB2CF-99E7-4EE5-9A51-1B1A8F042F65}.Release|Any CPU.ActiveCfg = Release|Any CPU
		{6F0BB2CF-99E7-4EE5-9A51-1B1A8F042F65}.Release|Any CPU.Build.0 = Release|Any CPU
		{DAAA2BD4-BE88-4AFD-9DE1-49FAB18195E8}.Debug|Any CPU.ActiveCfg = Debug|Any CPU
		{DAAA2BD4-BE88-4AFD-9DE1-49FAB18195E8}.Debug|Any CPU.Build.0 = Debug|Any CPU
		{DAAA2BD4-BE88-4AFD-9DE1-49FAB18195E8}.Release|Any CPU.ActiveCfg = Release|Any CPU
		{DAAA2BD4-BE88-4AFD-9DE1-49FAB18195E8}.Release|Any CPU.Build.0 = Release|Any CPU
		{7CF3DBF5-7F13-4347-BD4C-7DBC91AC5912}.Debug|Any CPU.ActiveCfg = Debug|Any CPU
		{7CF3DBF5-7F13-4347-BD4C-7DBC91AC5912}.Debug|Any CPU.Build.0 = Debug|Any CPU
		{7CF3DBF5-7F13-4347-BD4C-7DBC91AC5912}.Release|Any CPU.ActiveCfg = Release|Any CPU
		{7CF3DBF5-7F13-4347-BD4C-7DBC91AC5912}.Release|Any CPU.Build.0 = Release|Any CPU
		{ED31727A-FCC0-47A1-B67E-924CEBDBC21B}.Debug|Any CPU.ActiveCfg = Debug|Any CPU
		{ED31727A-FCC0-47A1-B67E-924CEBDBC21B}.Debug|Any CPU.Build.0 = Debug|Any CPU
		{ED31727A-FCC0-47A1-B67E-924CEBDBC21B}.Release|Any CPU.ActiveCfg = Release|Any CPU
		{ED31727A-FCC0-47A1-B67E-924CEBDBC21B}.Release|Any CPU.Build.0 = Release|Any CPU
	EndGlobalSection
	GlobalSection(SolutionProperties) = preSolution
		HideSolutionNode = FALSE
	EndGlobalSection
	GlobalSection(ExtensibilityGlobals) = postSolution
		SolutionGuid = {CE43BEEE-4B23-4B43-92BF-0FE915DDABD3}
	EndGlobalSection
EndGlobal
